github.com/CaiJimmy/hugo-theme-stack/v4 v4.0.3 h1:IoIqvXDnkEci5p4U6okl1LUIRhlD4HwQsbpwQf8fUSE=
github.com/CaiJimmy/hugo-theme-stack/v4 v4.0.3/go.mod h1:6SWZIQIut6uVjxhLraexYzgtdNDrod0xnfM/to6D/1I=
github.com/FarrelF/stack-modified v0.0.0-20260816162244-32f35e102011 h1:Hxn2R0xv9ecHqHuwslxLdX1glrbAGAMo45MgP8qqs6A=
github.com/FarrelF/stack-modified v0.0.0-20260816162244-32f35e102011/go.mod h1:j8/y6Wgzs65DL8izwjhsc933w6/OTZPZPUf1VZ2dRIA=
